
Microsoft Visual Studio Solution File, Format Version 12.00
Project("{FAE04EC0-301F-11D3-BF4B-00C04F79EFBC}") = "TestTaskSitek", "TestTaskSitek.csproj", "{D9D8F744-AEC7-47DD-AEA9-B3D8754B2C6C}"
EndProject
Project("{FAE04EC0-301F-11D3-BF4B-00C04F79EFBC}") = "TestTaskSitek.Tests", "..\TestTaskSitek.Tests\TestTaskSitek.Tests.csproj", "{2298BC0F-4C2A-496F-83BA-E0638AB6EB7D}"
EndProject
Global
	GlobalSection(SolutionConfigurationPlatforms) = preSolution
		Debug|Any CPU = Debug|Any CPU
		Release|Any CPU = Release|Any CPU
	EndGlobalSection
	GlobalSection(ProjectConfigurationPlatforms) = postSolution
		{D9D8F744-AEC7-47DD-AEA9-B3D8754B2C6C}.Debug|Any CPU.ActiveCfg = Debug|Any CPU
		{D9D8F744-AEC7-47DD-AEA9-B3D8754B2C6C}.Debug|Any CPU.Build.0 = Debug|Any CPU
		{D9D8F744-AEC7-47DD-AEA9-B3D8754B2C6C}.Release|Any CPU.ActiveCfg = Release|Any CPU
		{D9D8F744-AEC7-47DD-AEA9-B3D8754B2C6C}.Release|Any CPU.Build.0 = Release|Any CPU
		{2298BC0F-4C2A-496F-83BA-E0638AB6EB7D}.Debug|Any CPU.ActiveCfg = Debug|Any CPU
		{2298BC0F-4C2A-496F-83BA-E0638AB6EB7D}.Debug|Any CPU.Build.0 = Debug|Any CPU
		{2298BC0F-4C2A-496F-83BA-E0638AB6EB7D}.Release|Any CPU.ActiveCfg = Release|Any CPU
		{2298BC0F-4C2A-496F-83BA-E0638AB6EB7D}.Release|Any CPU.Build.0 = Release|Any CPU
	EndGlobalSection
EndGlobal
